PODS:
  - AXPhotoViewer/Core (1.7.1):
    - AXStateButton (>= 1.1.3)
    - FLAnimatedImage (>= 1.0.16)
    - FLAnimatedImage-tvOS (>= 1.0.16)
  - AXPhotoViewer/PINRemoteImage (1.7.1):
    - AXPhotoViewer/Core
    - PINRemoteImage (= 3.0.3)
  - AXStateButton (1.1.4)
  - DRPLoadingSpinner (1.3.1):
    - DRPLoadingSpinner/core (= 1.3.1)
  - DRPLoadingSpinner/core (1.3.1)
  - FLAnimatedImage (1.0.17)
  - PINCache (3.0.3):
    - PINCache/Arc-exception-safe (= 3.0.3)
    - PINCache/Core (= 3.0.3)
  - PINCache/Arc-exception-safe (3.0.3):
    - PINCache/Core
  - PINCache/Core (3.0.3):
    - PINOperation (~> 1.2.1)
  - PINOperation (1.2.2)
  - PINRemoteImage (3.0.3):
    - PINRemoteImage/PINCache (= 3.0.3)
  - PINRemoteImage/Core (3.0.3):
    - PINOperation
  - PINRemoteImage/PINCache (3.0.3):
    - PINCache (~> 3.0.3)
    - PINRemoteImage/Core

DEPENDENCIES:
  - AXPhotoViewer/PINRemoteImage (from `../../AXPhotoViewer.podspec`)
  - DRPLoadingSpinner
  - PINRemoteImage (= 3.0.3)

SPEC REPOS:
  trunk:
    - AXStateButton
    - DRPLoadingSpinner
    - FLAnimatedImage
    - PINCache
    - PINOperation
    - PINRemoteImage

EXTERNAL SOURCES:
  AXPhotoViewer:
    :path: "../../AXPhotoViewer.podspec"

SPEC CHECKSUMS:
  AXPhotoViewer: 9e03098395de480a98711471cc1f0851baee8f99
  AXStateButton: 6c515a433e37551505046429b5be04c12daa8c07
  DRPLoadingSpinner: 725e530bf4ebe2cc351b1fbc94d24fe8ac3300fd
  FLAnimatedImage: bbf914596368867157cc71b38a8ec834b3eeb32b
  PINCache: 7a8fc1a691173d21dbddbf86cd515de6efa55086
  PINOperation: daa34d4aa1d8449089be7d405b9d974abc4724c6
  PINRemoteImage: f1295b29f8c5e640e25335a1b2bd9d805171bd01

PODFILE CHECKSUM: ad8c5616106b47d52bcbee484ec77b0c455a1969

COCOAPODS: 1.12.0
